
Microsoft Visual Studio Solution File, Format Version 12.00
# Visual Studio Version 17
VisualStudioVersion = 17.3.32825.248
MinimumVisualStudioVersion = 10.0.40219.1
Project("{FAE04EC0-301F-11D3-BF4B-00C04F79EFBC}") = "Procvičování_11_1", "Procvičování_11_1.csproj", "{3966D9FC-09A2-4D3E-B098-31E1BDDA8590}"
EndProject
Global
	GlobalSection(SolutionConfigurationPlatforms) = preSolution
		Debug|Any CPU = Debug|Any CPU
		Release|Any CPU = Release|Any CPU
	EndGlobalSection
	GlobalSection(ProjectConfigurationPlatforms) = postSolution
		{3966D9FC-09A2-4D3E-B098-31E1BDDA8590}.Debug|Any CPU.ActiveCfg = Debug|Any CPU
		{3966D9FC-09A2-4D3E-B098-31E1BDDA8590}.Debug|Any CPU.Build.0 = Debug|Any CPU
		{3966D9FC-09A2-4D3E-B098-31E1BDDA8590}.Release|Any CPU.ActiveCfg = Release|Any CPU
		{3966D9FC-09A2-4D3E-B098-31E1BDDA8590}.Release|Any CPU.Build.0 = Release|Any CPU
	EndGlobalSection
	GlobalSection(SolutionProperties) = preSolution
		HideSolutionNode = FALSE
	EndGlobalSection
	GlobalSection(ExtensibilityGlobals) = postSolution
		SolutionGuid = {7930D224-BBC7-4D9B-8B29-6669E235B8E3}
	EndGlobalSection
EndGlobal
