
Microsoft Visual Studio Solution File, Format Version 12.00
# Visual Studio Version 17
VisualStudioVersion = 17.3.32825.248
MinimumVisualStudioVersion = 10.0.40219.1
Project("{FAE04EC0-301F-11D3-BF4B-00C04F79EFBC}") = "Objednávky", "Objednávky.csproj", "{BE497D0A-358A-4B45-8DA8-11459709D090}"
EndProject
Global
	GlobalSection(SolutionConfigurationPlatforms) = preSolution
		Debug|Any CPU = Debug|Any CPU
		Release|Any CPU = Release|Any CPU
	EndGlobalSection
	GlobalSection(ProjectConfigurationPlatforms) = postSolution
		{BE497D0A-358A-4B45-8DA8-11459709D090}.Debug|Any CPU.ActiveCfg = Debug|Any CPU
		{BE497D0A-358A-4B45-8DA8-11459709D090}.Debug|Any CPU.Build.0 = Debug|Any CPU
		{BE497D0A-358A-4B45-8DA8-11459709D090}.Release|Any CPU.ActiveCfg = Release|Any CPU
		{BE497D0A-358A-4B45-8DA8-11459709D090}.Release|Any CPU.Build.0 = Release|Any CPU
	EndGlobalSection
	GlobalSection(SolutionProperties) = preSolution
		HideSolutionNode = FALSE
	EndGlobalSection
	GlobalSection(ExtensibilityGlobals) = postSolution
		SolutionGuid = {D29A380E-70FA-4568-93CF-72A86CC85774}
	EndGlobalSection
EndGlobal
