
Microsoft Visual Studio Solution File, Format Version 12.00
# Visual Studio Version 17
VisualStudioVersion = 17.3.32825.248
MinimumVisualStudioVersion = 10.0.40219.1
Project("{FAE04EC0-301F-11D3-BF4B-00C04F79EFBC}") = "AKR1", "AKR1.csproj", "{68DF5F31-D88A-4F6B-8760-720AD5D4FD1D}"
EndProject
Global
	GlobalSection(SolutionConfigurationPlatforms) = preSolution
		Debug|Any CPU = Debug|Any CPU
		Release|Any CPU = Release|Any CPU
	EndGlobalSection
	GlobalSection(ProjectConfigurationPlatforms) = postSolution
		{68DF5F31-D88A-4F6B-8760-720AD5D4FD1D}.Debug|Any CPU.ActiveCfg = Debug|Any CPU
		{68DF5F31-D88A-4F6B-8760-720AD5D4FD1D}.Debug|Any CPU.Build.0 = Debug|Any CPU
		{68DF5F31-D88A-4F6B-8760-720AD5D4FD1D}.Release|Any CPU.ActiveCfg = Release|Any CPU
		{68DF5F31-D88A-4F6B-8760-720AD5D4FD1D}.Release|Any CPU.Build.0 = Release|Any CPU
	EndGlobalSection
	GlobalSection(SolutionProperties) = preSolution
		HideSolutionNode = FALSE
	EndGlobalSection
	GlobalSection(ExtensibilityGlobals) = postSolution
		SolutionGuid = {D2959BB5-651A-4639-A3D7-CAA330E3B59D}
	EndGlobalSection
EndGlobal
